<Solution>
  <Folder Name="/docs/">
    <File Path="r.txt" />
    <File Path="src/Kokkoro/docs/PageView.md" />
  </Folder>
  <Folder Name="/Hosts/">
    <Project Path="src/Hosts/Kokkoro.Desktop/Kokkoro.Desktop.csproj" />
  </Folder>
  <Folder Name="/Modules/">
    <Project Path="src/Modules/Kokkoro.Demo/Kokkoro.Sample.csproj" Id="83717bd5-c61b-4bd5-9134-15d0d5330ee1" />
  </Folder>
  <Project Path="src/Kokkoro.Core/Kokkoro.Core.csproj" />
  <Project Path="src/Kokkoro/Kokkoro.csproj" />
  <Project Path="src/Kokkoro.Services/Kokkoro.Services.csproj" />
  <Project Path="src/Kokkoro.Themes/Kokkoro.Themes.csproj" />
</Solution>
